
Microsoft Visual Studio Solution File, Format Version 12.00
# Visual Studio Version 17
VisualStudioVersion = 17.9.34723.18
MinimumVisualStudioVersion = 10.0.40219.1
Project("{9A19103F-16F7-4668-BE54-9A1E7A4F7556}") = "HLKDotNetCore.ConsoleApp", "HLKDotNetCore.ConsoleApp\HLKDotNetCore.ConsoleApp.csproj", "{36D6BC05-6835-488F-88C4-5E0B5A7206B0}"
EndProject
Project("{2150E333-8FDC-42A3-9474-1A3956D46DE8}") = "Documents", "Documents", "{27E5DB75-C968-4FC9-B958-901AC5D12804}"
	ProjectSection(SolutionItems) = preProject
		README.md = README.md
	EndProjectSection
EndProject
Project("{9A19103F-16F7-4668-BE54-9A1E7A4F7556}") = "HLKDotNetCore.RestApi", "HLKDotNetCore.RestApi\HLKDotNetCore.RestApi.csproj", "{5DC5FA50-4960-44E9-81DA-A800FAA13AF6}"
EndProject
Project("{9A19103F-16F7-4668-BE54-9A1E7A4F7556}") = "HLKDotNetCore.Shared", "HLKDotNetCore.Shared\HLKDotNetCore.Shared.csproj", "{98C7B683-9BE2-43CE-BDC9-A7E2CFC3B0E2}"
EndProject
Project("{9A19103F-16F7-4668-BE54-9A1E7A4F7556}") = "HLKDotNetCore.RestApiWithNLayer", "HLKDotNetCore.RestApiWithNLayer\HLKDotNetCore.RestApiWithNLayer.csproj", "{312261C3-616E-4DD9-BA27-43CEE1E5DD33}"
EndProject
Project("{9A19103F-16F7-4668-BE54-9A1E7A4F7556}") = "HLKDotNetCore.ConsoleAppHttpCiient", "HLKDotNetCore.ConsoleAppHttpCiient\HLKDotNetCore.ConsoleAppHttpCiient.csproj", "{BC1FFFAF-B713-41AE-943C-F53426BB997D}"
EndProject
Project("{9A19103F-16F7-4668-BE54-9A1E7A4F7556}") = "HLKDotNetCore.ConsoleAppRestClient", "HLKDotNetCoreConsoleAppRestClient\HLKDotNetCore.ConsoleAppRestClient.csproj", "{5A2893CC-A55A-4A75-88B3-F5FF57216D73}"
EndProject
Project("{9A19103F-16F7-4668-BE54-9A1E7A4F7556}") = "HLKDotNetCore.PizzaApi", "HLKDotNetCore.PizzaApi\HLKDotNetCore.PizzaApi.csproj", "{8C13251F-C60D-4EC6-A752-64CEAB968541}"
EndProject
Project("{9A19103F-16F7-4668-BE54-9A1E7A4F7556}") = "HLKDotNetCore.ConsoleAppRefit", "HLKDotNetCore.ConsoleAppRefit\HLKDotNetCore.ConsoleAppRefit.csproj", "{30DAC260-ACA6-408A-B785-7AC0A7EECA29}"
EndProject
Project("{FAE04EC0-301F-11D3-BF4B-00C04F79EFBC}") = "HLKDotNetCore.WinFormsApp", "HLKDotNetCore.WinFormsApp\HLKDotNetCore.WinFormsApp.csproj", "{BC4564CB-AF68-4607-B1ED-5E510A56EBEC}"
EndProject
Global
	GlobalSection(SolutionConfigurationPlatforms) = preSolution
		Debug|Any CPU = Debug|Any CPU
		Release|Any CPU = Release|Any CPU
	EndGlobalSection
	GlobalSection(ProjectConfigurationPlatforms) = postSolution
		{36D6BC05-6835-488F-88C4-5E0B5A7206B0}.Debug|Any CPU.ActiveCfg = Debug|Any CPU
		{36D6BC05-6835-488F-88C4-5E0B5A7206B0}.Debug|Any CPU.Build.0 = Debug|Any CPU
		{36D6BC05-6835-488F-88C4-5E0B5A7206B0}.Release|Any CPU.ActiveCfg = Release|Any CPU
		{36D6BC05-6835-488F-88C4-5E0B5A7206B0}.Release|Any CPU.Build.0 = Release|Any CPU
		{5DC5FA50-4960-44E9-81DA-A800FAA13AF6}.Debug|Any CPU.ActiveCfg = Debug|Any CPU
		{5DC5FA50-4960-44E9-81DA-A800FAA13AF6}.Debug|Any CPU.Build.0 = Debug|Any CPU
		{5DC5FA50-4960-44E9-81DA-A800FAA13AF6}.Release|Any CPU.ActiveCfg = Release|Any CPU
		{5DC5FA50-4960-44E9-81DA-A800FAA13AF6}.Release|Any CPU.Build.0 = Release|Any CPU
		{98C7B683-9BE2-43CE-BDC9-A7E2CFC3B0E2}.Debug|Any CPU.ActiveCfg = Debug|Any CPU
		{98C7B683-9BE2-43CE-BDC9-A7E2CFC3B0E2}.Debug|Any CPU.Build.0 = Debug|Any CPU
		{98C7B683-9BE2-43CE-BDC9-A7E2CFC3B0E2}.Release|Any CPU.ActiveCfg = Release|Any CPU
		{98C7B683-9BE2-43CE-BDC9-A7E2CFC3B0E2}.Release|Any CPU.Build.0 = Release|Any CPU
		{312261C3-616E-4DD9-BA27-43CEE1E5DD33}.Debug|Any CPU.ActiveCfg = Debug|Any CPU
		{312261C3-616E-4DD9-BA27-43CEE1E5DD33}.Debug|Any CPU.Build.0 = Debug|Any CPU
		{312261C3-616E-4DD9-BA27-43CEE1E5DD33}.Release|Any CPU.ActiveCfg = Release|Any CPU
		{312261C3-616E-4DD9-BA27-43CEE1E5DD33}.Release|Any CPU.Build.0 = Release|Any CPU
		{BC1FFFAF-B713-41AE-943C-F53426BB997D}.Debug|Any CPU.ActiveCfg = Debug|Any CPU
		{BC1FFFAF-B713-41AE-943C-F53426BB997D}.Debug|Any CPU.Build.0 = Debug|Any CPU
		{BC1FFFAF-B713-41AE-943C-F53426BB997D}.Release|Any CPU.ActiveCfg = Release|Any CPU
		{BC1FFFAF-B713-41AE-943C-F53426BB997D}.Release|Any CPU.Build.0 = Release|Any CPU
		{5A2893CC-A55A-4A75-88B3-F5FF57216D73}.Debug|Any CPU.ActiveCfg = Debug|Any CPU
		{5A2893CC-A55A-4A75-88B3-F5FF57216D73}.Debug|Any CPU.Build.0 = Debug|Any CPU
		{5A2893CC-A55A-4A75-88B3-F5FF57216D73}.Release|Any CPU.ActiveCfg = Release|Any CPU
		{5A2893CC-A55A-4A75-88B3-F5FF57216D73}.Release|Any CPU.Build.0 = Release|Any CPU
		{8C13251F-C60D-4EC6-A752-64CEAB968541}.Debug|Any CPU.ActiveCfg = Debug|Any CPU
		{8C13251F-C60D-4EC6-A752-64CEAB968541}.Debug|Any CPU.Build.0 = Debug|Any CPU
		{8C13251F-C60D-4EC6-A752-64CEAB968541}.Release|Any CPU.ActiveCfg = Release|Any CPU
		{8C13251F-C60D-4EC6-A752-64CEAB968541}.Release|Any CPU.Build.0 = Release|Any CPU
		{30DAC260-ACA6-408A-B785-7AC0A7EECA29}.Debug|Any CPU.ActiveCfg = Debug|Any CPU
		{30DAC260-ACA6-408A-B785-7AC0A7EECA29}.Debug|Any CPU.Build.0 = Debug|Any CPU
		{30DAC260-ACA6-408A-B785-7AC0A7EECA29}.Release|Any CPU.ActiveCfg = Release|Any CPU
		{30DAC260-ACA6-408A-B785-7AC0A7EECA29}.Release|Any CPU.Build.0 = Release|Any CPU
		{BC4564CB-AF68-4607-B1ED-5E510A56EBEC}.Debug|Any CPU.ActiveCfg = Debug|Any CPU
		{BC4564CB-AF68-4607-B1ED-5E510A56EBEC}.Debug|Any CPU.Build.0 = Debug|Any CPU
		{BC4564CB-AF68-4607-B1ED-5E510A56EBEC}.Release|Any CPU.ActiveCfg = Release|Any CPU
		{BC4564CB-AF68-4607-B1ED-5E510A56EBEC}.Release|Any CPU.Build.0 = Release|Any CPU
	EndGlobalSection
	GlobalSection(SolutionProperties) = preSolution
		HideSolutionNode = FALSE
	EndGlobalSection
	GlobalSection(ExtensibilityGlobals) = postSolution
		SolutionGuid = {458BBBBF-0FDB-41B3-A3E1-1AA3FD1F7F32}
	EndGlobalSection
EndGlobal
